
Microsoft Visual Studio Solution File, Format Version 12.00
# Visual Studio 2013
VisualStudioVersion = 12.0.21005.1
MinimumVisualStudioVersion = 10.0.40219.1
Project("{FAE04EC0-301F-11D3-BF4B-00C04F79EFBC}") = "ModuleFactureUserControl", "ModuleFactureUserControl\ModuleFactureUserControl.csproj", "{F52AE9DE-9C8F-4D18-A322-2AEFCD3DBA4D}"
EndProject
Project("{FAE04EC0-301F-11D3-BF4B-00C04F79EFBC}") = "WpfModuleFactureTest", "WpfModuleFactureTest\WpfModuleFactureTest.csproj", "{BE606B44-A1F5-4E51-90BC-F439AAA171E6}"
EndProject
Global
	GlobalSection(SolutionConfigurationPlatforms) = preSolution
		Debug|Any CPU = Debug|Any CPU
		Release|Any CPU = Release|Any CPU
	EndGlobalSection
	GlobalSection(ProjectConfigurationPlatforms) = postSolution
		{F52AE9DE-9C8F-4D18-A322-2AEFCD3DBA4D}.Debug|Any CPU.ActiveCfg = Debug|Any CPU
		{F52AE9DE-9C8F-4D18-A322-2AEFCD3DBA4D}.Debug|Any CPU.Build.0 = Debug|Any CPU
		{F52AE9DE-9C8F-4D18-A322-2AEFCD3DBA4D}.Release|Any CPU.ActiveCfg = Release|Any CPU
		{F52AE9DE-9C8F-4D18-A322-2AEFCD3DBA4D}.Release|Any CPU.Build.0 = Release|Any CPU
		{BE606B44-A1F5-4E51-90BC-F439AAA171E6}.Debug|Any CPU.ActiveCfg = Debug|Any CPU
		{BE606B44-A1F5-4E51-90BC-F439AAA171E6}.Debug|Any CPU.Build.0 = Debug|Any CPU
		{BE606B44-A1F5-4E51-90BC-F439AAA171E6}.Release|Any CPU.ActiveCfg = Release|Any CPU
		{BE606B44-A1F5-4E51-90BC-F439AAA171E6}.Release|Any CPU.Build.0 = Release|Any CPU
	EndGlobalSection
	GlobalSection(SolutionProperties) = preSolution
		HideSolutionNode = FALSE
	EndGlobalSection
EndGlobal
